
Microsoft Visual Studio Solution File, Format Version 12.00
# Visual Studio 15
VisualStudioVersion = 15.0.26730.16
MinimumVisualStudioVersion = 10.0.40219.1
Project("{FAE04EC0-301F-11D3-BF4B-00C04F79EFBC}") = "ContosoBankChatbot", "ContosoBankChatbot\ContosoBankChatbot.csproj", "{AB022493-6E0D-4234-AA88-46208CFC579C}"
EndProject
Project("{FAE04EC0-301F-11D3-BF4B-00C04F79EFBC}") = "ContosoBankChatbot.BotAssets", "ContosoBankChatbot.BotAssets\ContosoBankChatbot.BotAssets.csproj", "{18043CB4-17D3-4DEA-A40C-9DB304A0FAF0}"
EndProject
Project("{FAE04EC0-301F-11D3-BF4B-00C04F79EFBC}") = "ContosoBankChatbot.Data", "ContosoBankChatbot.Data\ContosoBankChatbot.Data.csproj", "{21970A49-F0CC-4404-B4E1-80119BB0248E}"
EndProject
Project("{FAE04EC0-301F-11D3-BF4B-00C04F79EFBC}") = "ContosoBankChatbot.App.Android", "ContosoBankChatbot.App\ContosoBankChatbot.App.Android\ContosoBankChatbot.App.Android.csproj", "{BA101030-042F-4B39-B943-B2BEBC54DAEB}"
EndProject
Project("{FAE04EC0-301F-11D3-BF4B-00C04F79EFBC}") = "ContosoBankChatbot.App", "ContosoBankChatbot.App\ContosoBankChatbot.App\ContosoBankChatbot.App.csproj", "{4E0030D9-B605-49DB-BFF4-094CDA7FC76E}"
EndProject
Project("{FAE04EC0-301F-11D3-BF4B-00C04F79EFBC}") = "ContosoBankChatbot.App.UWP", "ContosoBankChatbot.App\ContosoBankChatbot.App.UWP\ContosoBankChatbot.App.UWP.csproj", "{42BB38A9-25FD-4D15-B7ED-11A31CE5DA01}"
EndProject
Project("{FAE04EC0-301F-11D3-BF4B-00C04F79EFBC}") = "ContosoBankChatbot.App.iOS", "ContosoBankChatbot.App\ContosoBankChatbot.App.iOS\ContosoBankChatbot.App.iOS.csproj", "{A8FE68C1-8977-4265-8D34-36986CB352FA}"
EndProject
Global
	GlobalSection(SolutionConfigurationPlatforms) = preSolution
		Ad-Hoc|Any CPU = Ad-Hoc|Any CPU
		Ad-Hoc|ARM = Ad-Hoc|ARM
		Ad-Hoc|iPhone = Ad-Hoc|iPhone
		Ad-Hoc|iPhoneSimulator = Ad-Hoc|iPhoneSimulator
		Ad-Hoc|x64 = Ad-Hoc|x64
		Ad-Hoc|x86 = Ad-Hoc|x86
		AppStore|Any CPU = AppStore|Any CPU
		AppStore|ARM = AppStore|ARM
		AppStore|iPhone = AppStore|iPhone
		AppStore|iPhoneSimulator = AppStore|iPhoneSimulator
		AppStore|x64 = AppStore|x64
		AppStore|x86 = AppStore|x86
		Debug|Any CPU = Debug|Any CPU
		Debug|ARM = Debug|ARM
		Debug|iPhone = Debug|iPhone
		Debug|iPhoneSimulator = Debug|iPhoneSimulator
		Debug|x64 = Debug|x64
		Debug|x86 = Debug|x86
		Release|Any CPU = Release|Any CPU
		Release|ARM = Release|ARM
		Release|iPhone = Release|iPhone
		Release|iPhoneSimulator = Release|iPhoneSimulator
		Release|x64 = Release|x64
		Release|x86 = Release|x86
	EndGlobalSection
	GlobalSection(ProjectConfigurationPlatforms) = postSolution
		{AB022493-6E0D-4234-AA88-46208CFC579C}.Ad-Hoc|Any CPU.ActiveCfg = Release|Any CPU
		{AB022493-6E0D-4234-AA88-46208CFC579C}.Ad-Hoc|Any CPU.Build.0 = Release|Any CPU
		{AB022493-6E0D-4234-AA88-46208CFC579C}.Ad-Hoc|ARM.ActiveCfg = Release|Any CPU
		{AB022493-6E0D-4234-AA88-46208CFC579C}.Ad-Hoc|ARM.Build.0 = Release|Any CPU
		{AB022493-6E0D-4234-AA88-46208CFC579C}.Ad-Hoc|iPhone.ActiveCfg = Release|Any CPU
		{AB022493-6E0D-4234-AA88-46208CFC579C}.Ad-Hoc|iPhone.Build.0 = Release|Any CPU
		{AB022493-6E0D-4234-AA88-46208CFC579C}.Ad-Hoc|iPhoneSimulator.ActiveCfg = Release|Any CPU
		{AB022493-6E0D-4234-AA88-46208CFC579C}.Ad-Hoc|iPhoneSimulator.Build.0 = Release|Any CPU
		{AB022493-6E0D-4234-AA88-46208CFC579C}.Ad-Hoc|x64.ActiveCfg = Release|Any CPU
		{AB022493-6E0D-4234-AA88-46208CFC579C}.Ad-Hoc|x64.Build.0 = Release|Any CPU
		{AB022493-6E0D-4234-AA88-46208CFC579C}.Ad-Hoc|x86.ActiveCfg = Release|Any CPU
		{AB022493-6E0D-4234-AA88-46208CFC579C}.Ad-Hoc|x86.Build.0 = Release|Any CPU
		{AB022493-6E0D-4234-AA88-46208CFC579C}.AppStore|Any CPU.ActiveCfg = Release|Any CPU
		{AB022493-6E0D-4234-AA88-46208CFC579C}.AppStore|Any CPU.Build.0 = Release|Any CPU
		{AB022493-6E0D-4234-AA88-46208CFC579C}.AppStore|ARM.ActiveCfg = Release|Any CPU
		{AB022493-6E0D-4234-AA88-46208CFC579C}.AppStore|ARM.Build.0 = Release|Any CPU
		{AB022493-6E0D-4234-AA88-46208CFC579C}.AppStore|iPhone.ActiveCfg = Release|Any CPU
		{AB022493-6E0D-4234-AA88-46208CFC579C}.AppStore|iPhone.Build.0 = Release|Any CPU
		{AB022493-6E0D-4234-AA88-46208CFC579C}.AppStore|iPhoneSimulator.ActiveCfg = Release|Any CPU
		{AB022493-6E0D-4234-AA88-46208CFC579C}.AppStore|iPhoneSimulator.Build.0 = Release|Any CPU
		{AB022493-6E0D-4234-AA88-46208CFC579C}.AppStore|x64.ActiveCfg = Release|Any CPU
		{AB022493-6E0D-4234-AA88-46208CFC579C}.AppStore|x64.Build.0 = Release|Any CPU
		{AB022493-6E0D-4234-AA88-46208CFC579C}.AppStore|x86.ActiveCfg = Release|Any CPU
		{AB022493-6E0D-4234-AA88-46208CFC579C}.AppStore|x86.Build.0 = Release|Any CPU
		{AB022493-6E0D-4234-AA88-46208CFC579C}.Debug|Any CPU.ActiveCfg = Debug|Any CPU
		{AB022493-6E0D-4234-AA88-46208CFC579C}.Debug|Any CPU.Build.0 = Debug|Any CPU
		{AB022493-6E0D-4234-AA88-46208CFC579C}.Debug|ARM.ActiveCfg = Debug|Any CPU
		{AB022493-6E0D-4234-AA88-46208CFC579C}.Debug|ARM.Build.0 = Debug|Any CPU
		{AB022493-6E0D-4234-AA88-46208CFC579C}.Debug|iPhone.ActiveCfg = Debug|Any CPU
		{AB022493-6E0D-4234-AA88-46208CFC579C}.Debug|iPhone.Build.0 = Debug|Any CPU
		{AB022493-6E0D-4234-AA88-46208CFC579C}.Debug|iPhoneSimulator.ActiveCfg = Debug|Any CPU
		{AB022493-6E0D-4234-AA88-46208CFC579C}.Debug|iPhoneSimulator.Build.0 = Debug|Any CPU
		{AB022493-6E0D-4234-AA88-46208CFC579C}.Debug|x64.ActiveCfg = Debug|Any CPU
		{AB022493-6E0D-4234-AA88-46208CFC579C}.Debug|x64.Build.0 = Debug|Any CPU
		{AB022493-6E0D-4234-AA88-46208CFC579C}.Debug|x86.ActiveCfg = Debug|Any CPU
		{AB022493-6E0D-4234-AA88-46208CFC579C}.Debug|x86.Build.0 = Debug|Any CPU
		{AB022493-6E0D-4234-AA88-46208CFC579C}.Release|Any CPU.ActiveCfg = Release|Any CPU
		{AB022493-6E0D-4234-AA88-46208CFC579C}.Release|Any CPU.Build.0 = Release|Any CPU
		{AB022493-6E0D-4234-AA88-46208CFC579C}.Release|ARM.ActiveCfg = Release|Any CPU
		{AB022493-6E0D-4234-AA88-46208CFC579C}.Release|ARM.Build.0 = Release|Any CPU
		{AB022493-6E0D-4234-AA88-46208CFC579C}.Release|iPhone.ActiveCfg = Release|Any CPU
		{AB022493-6E0D-4234-AA88-46208CFC579C}.Release|iPhone.Build.0 = Release|Any CPU
		{AB022493-6E0D-4234-AA88-46208CFC579C}.Release|iPhoneSimulator.ActiveCfg = Release|Any CPU
		{AB022493-6E0D-4234-AA88-46208CFC579C}.Release|iPhoneSimulator.Build.0 = Release|Any CPU
		{AB022493-6E0D-4234-AA88-46208CFC579C}.Release|x64.ActiveCfg = Release|Any CPU
		{AB022493-6E0D-4234-AA88-46208CFC579C}.Release|x64.Build.0 = Release|Any CPU
		{AB022493-6E0D-4234-AA88-46208CFC579C}.Release|x86.ActiveCfg = Release|Any CPU
		{AB022493-6E0D-4234-AA88-46208CFC579C}.Release|x86.Build.0 = Release|Any CPU
		{18043CB4-17D3-4DEA-A40C-9DB304A0FAF0}.Ad-Hoc|Any CPU.ActiveCfg = Release|Any CPU
		{18043CB4-17D3-4DEA-A40C-9DB304A0FAF0}.Ad-Hoc|Any CPU.Build.0 = Release|Any CPU
		{18043CB4-17D3-4DEA-A40C-9DB304A0FAF0}.Ad-Hoc|ARM.ActiveCfg = Release|Any CPU
		{18043CB4-17D3-4DEA-A40C-9DB304A0FAF0}.Ad-Hoc|ARM.Build.0 = Release|Any CPU
		{18043CB4-17D3-4DEA-A40C-9DB304A0FAF0}.Ad-Hoc|iPhone.ActiveCfg = Release|Any CPU
		{18043CB4-17D3-4DEA-A40C-9DB304A0FAF0}.Ad-Hoc|iPhone.Build.0 = Release|Any CPU
		{18043CB4-17D3-4DEA-A40C-9DB304A0FAF0}.Ad-Hoc|iPhoneSimulator.ActiveCfg = Release|Any CPU
		{18043CB4-17D3-4DEA-A40C-9DB304A0FAF0}.Ad-Hoc|iPhoneSimulator.Build.0 = Release|Any CPU
		{18043CB4-17D3-4DEA-A40C-9DB304A0FAF0}.Ad-Hoc|x64.ActiveCfg = Release|Any CPU
		{18043CB4-17D3-4DEA-A40C-9DB304A0FAF0}.Ad-Hoc|x64.Build.0 = Release|Any CPU
		{18043CB4-17D3-4DEA-A40C-9DB304A0FAF0}.Ad-Hoc|x86.ActiveCfg = Release|Any CPU
		{18043CB4-17D3-4DEA-A40C-9DB304A0FAF0}.Ad-Hoc|x86.Build.0 = Release|Any CPU
		{18043CB4-17D3-4DEA-A40C-9DB304A0FAF0}.AppStore|Any CPU.ActiveCfg = Release|Any CPU
		{18043CB4-17D3-4DEA-A40C-9DB304A0FAF0}.AppStore|Any CPU.Build.0 = Release|Any CPU
		{18043CB4-17D3-4DEA-A40C-9DB304A0FAF0}.AppStore|ARM.ActiveCfg = Release|Any CPU
		{18043CB4-17D3-4DEA-A40C-9DB304A0FAF0}.AppStore|ARM.Build.0 = Release|Any CPU
		{18043CB4-17D3-4DEA-A40C-9DB304A0FAF0}.AppStore|iPhone.ActiveCfg = Release|Any CPU
		{18043CB4-17D3-4DEA-A40C-9DB304A0FAF0}.AppStore|iPhone.Build.0 = Release|Any CPU
		{18043CB4-17D3-4DEA-A40C-9DB304A0FAF0}.AppStore|iPhoneSimulator.ActiveCfg = Release|Any CPU
		{18043CB4-17D3-4DEA-A40C-9DB304A0FAF0}.AppStore|iPhoneSimulator.Build.0 = Release|Any CPU
		{18043CB4-17D3-4DEA-A40C-9DB304A0FAF0}.AppStore|x64.ActiveCfg = Release|Any CPU
		{18043CB4-17D3-4DEA-A40C-9DB304A0FAF0}.AppStore|x64.Build.0 = Release|Any CPU
		{18043CB4-17D3-4DEA-A40C-9DB304A0FAF0}.AppStore|x86.ActiveCfg = Release|Any CPU
		{18043CB4-17D3-4DEA-A40C-9DB304A0FAF0}.AppStore|x86.Build.0 = Release|Any CPU
		{18043CB4-17D3-4DEA-A40C-9DB304A0FAF0}.Debug|Any CPU.ActiveCfg = Debug|Any CPU
		{18043CB4-17D3-4DEA-A40C-9DB304A0FAF0}.Debug|Any CPU.Build.0 = Debug|Any CPU
		{18043CB4-17D3-4DEA-A40C-9DB304A0FAF0}.Debug|ARM.ActiveCfg = Debug|Any CPU
		{18043CB4-17D3-4DEA-A40C-9DB304A0FAF0}.Debug|ARM.Build.0 = Debug|Any CPU
		{18043CB4-17D3-4DEA-A40C-9DB304A0FAF0}.Debug|iPhone.ActiveCfg = Debug|Any CPU
		{18043CB4-17D3-4DEA-A40C-9DB304A0FAF0}.Debug|iPhone.Build.0 = Debug|Any CPU
		{18043CB4-17D3-4DEA-A40C-9DB304A0FAF0}.Debug|iPhoneSimulator.ActiveCfg = Debug|Any CPU
		{18043CB4-17D3-4DEA-A40C-9DB304A0FAF0}.Debug|iPhoneSimulator.Build.0 = Debug|Any CPU
		{18043CB4-17D3-4DEA-A40C-9DB304A0FAF0}.Debug|x64.ActiveCfg = Debug|Any CPU
		{18043CB4-17D3-4DEA-A40C-9DB304A0FAF0}.Debug|x64.Build.0 = Debug|Any CPU
		{18043CB4-17D3-4DEA-A40C-9DB304A0FAF0}.Debug|x86.ActiveCfg = Debug|Any CPU
		{18043CB4-17D3-4DEA-A40C-9DB304A0FAF0}.Debug|x86.Build.0 = Debug|Any CPU
		{18043CB4-17D3-4DEA-A40C-9DB304A0FAF0}.Release|Any CPU.ActiveCfg = Release|Any CPU
		{18043CB4-17D3-4DEA-A40C-9DB304A0FAF0}.Release|Any CPU.Build.0 = Release|Any CPU
		{18043CB4-17D3-4DEA-A40C-9DB304A0FAF0}.Release|ARM.ActiveCfg = Release|Any CPU
		{18043CB4-17D3-4DEA-A40C-9DB304A0FAF0}.Release|ARM.Build.0 = Release|Any CPU
		{18043CB4-17D3-4DEA-A40C-9DB304A0FAF0}.Release|iPhone.ActiveCfg = Release|Any CPU
		{18043CB4-17D3-4DEA-A40C-9DB304A0FAF0}.Release|iPhone.Build.0 = Release|Any CPU
		{18043CB4-17D3-4DEA-A40C-9DB304A0FAF0}.Release|iPhoneSimulator.ActiveCfg = Release|Any CPU
		{18043CB4-17D3-4DEA-A40C-9DB304A0FAF0}.Release|iPhoneSimulator.Build.0 = Release|Any CPU
		{18043CB4-17D3-4DEA-A40C-9DB304A0FAF0}.Release|x64.ActiveCfg = Release|Any CPU
		{18043CB4-17D3-4DEA-A40C-9DB304A0FAF0}.Release|x64.Build.0 = Release|Any CPU
		{18043CB4-17D3-4DEA-A40C-9DB304A0FAF0}.Release|x86.ActiveCfg = Release|Any CPU
		{18043CB4-17D3-4DEA-A40C-9DB304A0FAF0}.Release|x86.Build.0 = Release|Any CPU
		{21970A49-F0CC-4404-B4E1-80119BB0248E}.Ad-Hoc|Any CPU.ActiveCfg = Release|Any CPU
		{21970A49-F0CC-4404-B4E1-80119BB0248E}.Ad-Hoc|Any CPU.Build.0 = Release|Any CPU
		{21970A49-F0CC-4404-B4E1-80119BB0248E}.Ad-Hoc|ARM.ActiveCfg = Release|Any CPU
		{21970A49-F0CC-4404-B4E1-80119BB0248E}.Ad-Hoc|ARM.Build.0 = Release|Any CPU
		{21970A49-F0CC-4404-B4E1-80119BB0248E}.Ad-Hoc|iPhone.ActiveCfg = Release|Any CPU
		{21970A49-F0CC-4404-B4E1-80119BB0248E}.Ad-Hoc|iPhone.Build.0 = Release|Any CPU
		{21970A49-F0CC-4404-B4E1-80119BB0248E}.Ad-Hoc|iPhoneSimulator.ActiveCfg = Release|Any CPU
		{21970A49-F0CC-4404-B4E1-80119BB0248E}.Ad-Hoc|iPhoneSimulator.Build.0 = Release|Any CPU
		{21970A49-F0CC-4404-B4E1-80119BB0248E}.Ad-Hoc|x64.ActiveCfg = Release|Any CPU
		{21970A49-F0CC-4404-B4E1-80119BB0248E}.Ad-Hoc|x64.Build.0 = Release|Any CPU
		{21970A49-F0CC-4404-B4E1-80119BB0248E}.Ad-Hoc|x86.ActiveCfg = Release|Any CPU
		{21970A49-F0CC-4404-B4E1-80119BB0248E}.Ad-Hoc|x86.Build.0 = Release|Any CPU
		{21970A49-F0CC-4404-B4E1-80119BB0248E}.AppStore|Any CPU.ActiveCfg = Release|Any CPU
		{21970A49-F0CC-4404-B4E1-80119BB0248E}.AppStore|Any CPU.Build.0 = Release|Any CPU
		{21970A49-F0CC-4404-B4E1-80119BB0248E}.AppStore|ARM.ActiveCfg = Release|Any CPU
		{21970A49-F0CC-4404-B4E1-80119BB0248E}.AppStore|ARM.Build.0 = Release|Any CPU
		{21970A49-F0CC-4404-B4E1-80119BB0248E}.AppStore|iPhone.ActiveCfg = Release|Any CPU
		{21970A49-F0CC-4404-B4E1-80119BB0248E}.AppStore|iPhone.Build.0 = Release|Any CPU
		{21970A49-F0CC-4404-B4E1-80119BB0248E}.AppStore|iPhoneSimulator.ActiveCfg = Release|Any CPU
		{21970A49-F0CC-4404-B4E1-80119BB0248E}.AppStore|iPhoneSimulator.Build.0 = Release|Any CPU
		{21970A49-F0CC-4404-B4E1-80119BB0248E}.AppStore|x64.ActiveCfg = Release|Any CPU
		{21970A49-F0CC-4404-B4E1-80119BB0248E}.AppStore|x64.Build.0 = Release|Any CPU
		{21970A49-F0CC-4404-B4E1-80119BB0248E}.AppStore|x86.ActiveCfg = Release|Any CPU
		{21970A49-F0CC-4404-B4E1-80119BB0248E}.AppStore|x86.Build.0 = Release|Any CPU
		{21970A49-F0CC-4404-B4E1-80119BB0248E}.Debug|Any CPU.ActiveCfg = Debug|Any CPU
		{21970A49-F0CC-4404-B4E1-80119BB0248E}.Debug|Any CPU.Build.0 = Debug|Any CPU
		{21970A49-F0CC-4404-B4E1-80119BB0248E}.Debug|ARM.ActiveCfg = Debug|Any CPU
		{21970A49-F0CC-4404-B4E1-80119BB0248E}.Debug|ARM.Build.0 = Debug|Any CPU
		{21970A49-F0CC-4404-B4E1-80119BB0248E}.Debug|iPhone.ActiveCfg = Debug|Any CPU
		{21970A49-F0CC-4404-B4E1-80119BB0248E}.Debug|iPhone.Build.0 = Debug|Any CPU
		{21970A49-F0CC-4404-B4E1-80119BB0248E}.Debug|iPhoneSimulator.ActiveCfg = Debug|Any CPU
		{21970A49-F0CC-4404-B4E1-80119BB0248E}.Debug|iPhoneSimulator.Build.0 = Debug|Any CPU
		{21970A49-F0CC-4404-B4E1-80119BB0248E}.Debug|x64.ActiveCfg = Debug|Any CPU
		{21970A49-F0CC-4404-B4E1-80119BB0248E}.Debug|x64.Build.0 = Debug|Any CPU
		{21970A49-F0CC-4404-B4E1-80119BB0248E}.Debug|x86.ActiveCfg = Debug|Any CPU
		{21970A49-F0CC-4404-B4E1-80119BB0248E}.Debug|x86.Build.0 = Debug|Any CPU
		{21970A49-F0CC-4404-B4E1-80119BB0248E}.Release|Any CPU.ActiveCfg = Release|Any CPU
		{21970A49-F0CC-4404-B4E1-80119BB0248E}.Release|Any CPU.Build.0 = Release|Any CPU
		{21970A49-F0CC-4404-B4E1-80119BB0248E}.Release|ARM.ActiveCfg = Release|Any CPU
		{21970A49-F0CC-4404-B4E1-80119BB0248E}.Release|ARM.Build.0 = Release|Any CPU
		{21970A49-F0CC-4404-B4E1-80119BB0248E}.Release|iPhone.ActiveCfg = Release|Any CPU
		{21970A49-F0CC-4404-B4E1-80119BB0248E}.Release|iPhone.Build.0 = Release|Any CPU
		{21970A49-F0CC-4404-B4E1-80119BB0248E}.Release|iPhoneSimulator.ActiveCfg = Release|Any CPU
		{21970A49-F0CC-4404-B4E1-80119BB0248E}.Release|iPhoneSimulator.Build.0 = Release|Any CPU
		{21970A49-F0CC-4404-B4E1-80119BB0248E}.Release|x64.ActiveCfg = Release|Any CPU
		{21970A49-F0CC-4404-B4E1-80119BB0248E}.Release|x64.Build.0 = Release|Any CPU
		{21970A49-F0CC-4404-B4E1-80119BB0248E}.Release|x86.ActiveCfg = Release|Any CPU
		{21970A49-F0CC-4404-B4E1-80119BB0248E}.Release|x86.Build.0 = Release|Any CPU
		{BA101030-042F-4B39-B943-B2BEBC54DAEB}.Ad-Hoc|Any CPU.ActiveCfg = Release|Any CPU
		{BA101030-042F-4B39-B943-B2BEBC54DAEB}.Ad-Hoc|Any CPU.Build.0 = Release|Any CPU
		{BA101030-042F-4B39-B943-B2BEBC54DAEB}.Ad-Hoc|Any CPU.Deploy.0 = Release|Any CPU
		{BA101030-042F-4B39-B943-B2BEBC54DAEB}.Ad-Hoc|ARM.ActiveCfg = Release|Any CPU
		{BA101030-042F-4B39-B943-B2BEBC54DAEB}.Ad-Hoc|ARM.Build.0 = Release|Any CPU
		{BA101030-042F-4B39-B943-B2BEBC54DAEB}.Ad-Hoc|ARM.Deploy.0 = Release|Any CPU
		{BA101030-042F-4B39-B943-B2BEBC54DAEB}.Ad-Hoc|iPhone.ActiveCfg = Release|Any CPU
		{BA101030-042F-4B39-B943-B2BEBC54DAEB}.Ad-Hoc|iPhone.Build.0 = Release|Any CPU
		{BA101030-042F-4B39-B943-B2BEBC54DAEB}.Ad-Hoc|iPhone.Deploy.0 = Release|Any CPU
		{BA101030-042F-4B39-B943-B2BEBC54DAEB}.Ad-Hoc|iPhoneSimulator.ActiveCfg = Release|Any CPU
		{BA101030-042F-4B39-B943-B2BEBC54DAEB}.Ad-Hoc|iPhoneSimulator.Build.0 = Release|Any CPU
		{BA101030-042F-4B39-B943-B2BEBC54DAEB}.Ad-Hoc|iPhoneSimulator.Deploy.0 = Release|Any CPU
		{BA101030-042F-4B39-B943-B2BEBC54DAEB}.Ad-Hoc|x64.ActiveCfg = Release|Any CPU
		{BA101030-042F-4B39-B943-B2BEBC54DAEB}.Ad-Hoc|x64.Build.0 = Release|Any CPU
		{BA101030-042F-4B39-B943-B2BEBC54DAEB}.Ad-Hoc|x64.Deploy.0 = Release|Any CPU
		{BA101030-042F-4B39-B943-B2BEBC54DAEB}.Ad-Hoc|x86.ActiveCfg = Release|Any CPU
		{BA101030-042F-4B39-B943-B2BEBC54DAEB}.Ad-Hoc|x86.Build.0 = Release|Any CPU
		{BA101030-042F-4B39-B943-B2BEBC54DAEB}.Ad-Hoc|x86.Deploy.0 = Release|Any CPU
		{BA101030-042F-4B39-B943-B2BEBC54DAEB}.AppStore|Any CPU.ActiveCfg = Release|Any CPU
		{BA101030-042F-4B39-B943-B2BEBC54DAEB}.AppStore|Any CPU.Build.0 = Release|Any CPU
		{BA101030-042F-4B39-B943-B2BEBC54DAEB}.AppStore|Any CPU.Deploy.0 = Release|Any CPU
		{BA101030-042F-4B39-B943-B2BEBC54DAEB}.AppStore|ARM.ActiveCfg = Release|Any CPU
		{BA101030-042F-4B39-B943-B2BEBC54DAEB}.AppStore|ARM.Build.0 = Release|Any CPU
		{BA101030-042F-4B39-B943-B2BEBC54DAEB}.AppStore|ARM.Deploy.0 = Release|Any CPU
		{BA101030-042F-4B39-B943-B2BEBC54DAEB}.AppStore|iPhone.ActiveCfg = Release|Any CPU
		{BA101030-042F-4B39-B943-B2BEBC54DAEB}.AppStore|iPhone.Build.0 = Release|Any CPU
		{BA101030-042F-4B39-B943-B2BEBC54DAEB}.AppStore|iPhone.Deploy.0 = Release|Any CPU
		{BA101030-042F-4B39-B943-B2BEBC54DAEB}.AppStore|iPhoneSimulator.ActiveCfg = Release|Any CPU
		{BA101030-042F-4B39-B943-B2BEBC54DAEB}.AppStore|iPhoneSimulator.Build.0 = Release|Any CPU
		{BA101030-042F-4B39-B943-B2BEBC54DAEB}.AppStore|iPhoneSimulator.Deploy.0 = Release|Any CPU
		{BA101030-042F-4B39-B943-B2BEBC54DAEB}.AppStore|x64.ActiveCfg = Release|Any CPU
		{BA101030-042F-4B39-B943-B2BEBC54DAEB}.AppStore|x64.Build.0 = Release|Any CPU
		{BA101030-042F-4B39-B943-B2BEBC54DAEB}.AppStore|x64.Deploy.0 = Release|Any CPU
		{BA101030-042F-4B39-B943-B2BEBC54DAEB}.AppStore|x86.ActiveCfg = Release|Any CPU
		{BA101030-042F-4B39-B943-B2BEBC54DAEB}.AppStore|x86.Build.0 = Release|Any CPU
		{BA101030-042F-4B39-B943-B2BEBC54DAEB}.AppStore|x86.Deploy.0 = Release|Any CPU
		{BA101030-042F-4B39-B943-B2BEBC54DAEB}.Debug|Any CPU.ActiveCfg = Debug|Any CPU
		{BA101030-042F-4B39-B943-B2BEBC54DAEB}.Debug|Any CPU.Build.0 = Debug|Any CPU
		{BA101030-042F-4B39-B943-B2BEBC54DAEB}.Debug|Any CPU.Deploy.0 = Debug|Any CPU
		{BA101030-042F-4B39-B943-B2BEBC54DAEB}.Debug|ARM.ActiveCfg = Debug|Any CPU
		{BA101030-042F-4B39-B943-B2BEBC54DAEB}.Debug|ARM.Build.0 = Debug|Any CPU
		{BA101030-042F-4B39-B943-B2BEBC54DAEB}.Debug|ARM.Deploy.0 = Debug|Any CPU
		{BA101030-042F-4B39-B943-B2BEBC54DAEB}.Debug|iPhone.ActiveCfg = Debug|Any CPU
		{BA101030-042F-4B39-B943-B2BEBC54DAEB}.Debug|iPhone.Build.0 = Debug|Any CPU
		{BA101030-042F-4B39-B943-B2BEBC54DAEB}.Debug|iPhone.Deploy.0 = Debug|Any CPU
		{BA101030-042F-4B39-B943-B2BEBC54DAEB}.Debug|iPhoneSimulator.ActiveCfg = Debug|Any CPU
		{BA101030-042F-4B39-B943-B2BEBC54DAEB}.Debug|iPhoneSimulator.Build.0 = Debug|Any CPU
		{BA101030-042F-4B39-B943-B2BEBC54DAEB}.Debug|iPhoneSimulator.Deploy.0 = Debug|Any CPU
		{BA101030-042F-4B39-B943-B2BEBC54DAEB}.Debug|x64.ActiveCfg = Debug|Any CPU
		{BA101030-042F-4B39-B943-B2BEBC54DAEB}.Debug|x64.Build.0 = Debug|Any CPU
		{BA101030-042F-4B39-B943-B2BEBC54DAEB}.Debug|x64.Deploy.0 = Debug|Any CPU
		{BA101030-042F-4B39-B943-B2BEBC54DAEB}.Debug|x86.ActiveCfg = Debug|Any CPU
		{BA101030-042F-4B39-B943-B2BEBC54DAEB}.Debug|x86.Build.0 = Debug|Any CPU
		{BA101030-042F-4B39-B943-B2BEBC54DAEB}.Debug|x86.Deploy.0 = Debug|Any CPU
		{BA101030-042F-4B39-B943-B2BEBC54DAEB}.Release|Any CPU.ActiveCfg = Release|Any CPU
		{BA101030-042F-4B39-B943-B2BEBC54DAEB}.Release|Any CPU.Build.0 = Release|Any CPU
		{BA101030-042F-4B39-B943-B2BEBC54DAEB}.Release|Any CPU.Deploy.0 = Release|Any CPU
		{BA101030-042F-4B39-B943-B2BEBC54DAEB}.Release|ARM.ActiveCfg = Release|Any CPU
		{BA101030-042F-4B39-B943-B2BEBC54DAEB}.Release|ARM.Build.0 = Release|Any CPU
		{BA101030-042F-4B39-B943-B2BEBC54DAEB}.Release|ARM.Deploy.0 = Release|Any CPU
		{BA101030-042F-4B39-B943-B2BEBC54DAEB}.Release|iPhone.ActiveCfg = Release|Any CPU
		{BA101030-042F-4B39-B943-B2BEBC54DAEB}.Release|iPhone.Build.0 = Release|Any CPU
		{BA101030-042F-4B39-B943-B2BEBC54DAEB}.Release|iPhone.Deploy.0 = Release|Any CPU
		{BA101030-042F-4B39-B943-B2BEBC54DAEB}.Release|iPhoneSimulator.ActiveCfg = Release|Any CPU
		{BA101030-042F-4B39-B943-B2BEBC54DAEB}.Release|iPhoneSimulator.Build.0 = Release|Any CPU
		{BA101030-042F-4B39-B943-B2BEBC54DAEB}.Release|iPhoneSimulator.Deploy.0 = Release|Any CPU
		{BA101030-042F-4B39-B943-B2BEBC54DAEB}.Release|x64.ActiveCfg = Release|Any CPU
		{BA101030-042F-4B39-B943-B2BEBC54DAEB}.Release|x64.Build.0 = Release|Any CPU
		{BA101030-042F-4B39-B943-B2BEBC54DAEB}.Release|x64.Deploy.0 = Release|Any CPU
		{BA101030-042F-4B39-B943-B2BEBC54DAEB}.Release|x86.ActiveCfg = Release|Any CPU
		{BA101030-042F-4B39-B943-B2BEBC54DAEB}.Release|x86.Build.0 = Release|Any CPU
		{BA101030-042F-4B39-B943-B2BEBC54DAEB}.Release|x86.Deploy.0 = Release|Any CPU
		{4E0030D9-B605-49DB-BFF4-094CDA7FC76E}.Ad-Hoc|Any CPU.ActiveCfg = Release|Any CPU
		{4E0030D9-B605-49DB-BFF4-094CDA7FC76E}.Ad-Hoc|Any CPU.Build.0 = Release|Any CPU
		{4E0030D9-B605-49DB-BFF4-094CDA7FC76E}.Ad-Hoc|ARM.ActiveCfg = Release|Any CPU
		{4E0030D9-B605-49DB-BFF4-094CDA7FC76E}.Ad-Hoc|ARM.Build.0 = Release|Any CPU
		{4E0030D9-B605-49DB-BFF4-094CDA7FC76E}.Ad-Hoc|iPhone.ActiveCfg = Release|Any CPU
		{4E0030D9-B605-49DB-BFF4-094CDA7FC76E}.Ad-Hoc|iPhone.Build.0 = Release|Any CPU
		{4E0030D9-B605-49DB-BFF4-094CDA7FC76E}.Ad-Hoc|iPhoneSimulator.ActiveCfg = Release|Any CPU
		{4E0030D9-B605-49DB-BFF4-094CDA7FC76E}.Ad-Hoc|iPhoneSimulator.Build.0 = Release|Any CPU
		{4E0030D9-B605-49DB-BFF4-094CDA7FC76E}.Ad-Hoc|x64.ActiveCfg = Release|Any CPU
		{4E0030D9-B605-49DB-BFF4-094CDA7FC76E}.Ad-Hoc|x64.Build.0 = Release|Any CPU
		{4E0030D9-B605-49DB-BFF4-094CDA7FC76E}.Ad-Hoc|x86.ActiveCfg = Release|Any CPU
		{4E0030D9-B605-49DB-BFF4-094CDA7FC76E}.Ad-Hoc|x86.Build.0 = Release|Any CPU
		{4E0030D9-B605-49DB-BFF4-094CDA7FC76E}.AppStore|Any CPU.ActiveCfg = Release|Any CPU
		{4E0030D9-B605-49DB-BFF4-094CDA7FC76E}.AppStore|Any CPU.Build.0 = Release|Any CPU
		{4E0030D9-B605-49DB-BFF4-094CDA7FC76E}.AppStore|ARM.ActiveCfg = Release|Any CPU
		{4E0030D9-B605-49DB-BFF4-094CDA7FC76E}.AppStore|ARM.Build.0 = Release|Any CPU
		{4E0030D9-B605-49DB-BFF4-094CDA7FC76E}.AppStore|iPhone.ActiveCfg = Release|Any CPU
		{4E0030D9-B605-49DB-BFF4-094CDA7FC76E}.AppStore|iPhone.Build.0 = Release|Any CPU
		{4E0030D9-B605-49DB-BFF4-094CDA7FC76E}.AppStore|iPhoneSimulator.ActiveCfg = Release|Any CPU
		{4E0030D9-B605-49DB-BFF4-094CDA7FC76E}.AppStore|iPhoneSimulator.Build.0 = Release|Any CPU
		{4E0030D9-B605-49DB-BFF4-094CDA7FC76E}.AppStore|x64.ActiveCfg = Release|Any CPU
		{4E0030D9-B605-49DB-BFF4-094CDA7FC76E}.AppStore|x64.Build.0 = Release|Any CPU
		{4E0030D9-B605-49DB-BFF4-094CDA7FC76E}.AppStore|x86.ActiveCfg = Release|Any CPU
		{4E0030D9-B605-49DB-BFF4-094CDA7FC76E}.AppStore|x86.Build.0 = Release|Any CPU
		{4E0030D9-B605-49DB-BFF4-094CDA7FC76E}.Debug|Any CPU.ActiveCfg = Debug|Any CPU
		{4E0030D9-B605-49DB-BFF4-094CDA7FC76E}.Debug|Any CPU.Build.0 = Debug|Any CPU
		{4E0030D9-B605-49DB-BFF4-094CDA7FC76E}.Debug|ARM.ActiveCfg = Debug|Any CPU
		{4E0030D9-B605-49DB-BFF4-094CDA7FC76E}.Debug|ARM.Build.0 = Debug|Any CPU
		{4E0030D9-B605-49DB-BFF4-094CDA7FC76E}.Debug|iPhone.ActiveCfg = Debug|Any CPU
		{4E0030D9-B605-49DB-BFF4-094CDA7FC76E}.Debug|iPhone.Build.0 = Debug|Any CPU
		{4E0030D9-B605-49DB-BFF4-094CDA7FC76E}.Debug|iPhoneSimulator.ActiveCfg = Debug|Any CPU
		{4E0030D9-B605-49DB-BFF4-094CDA7FC76E}.Debug|iPhoneSimulator.Build.0 = Debug|Any CPU
		{4E0030D9-B605-49DB-BFF4-094CDA7FC76E}.Debug|x64.ActiveCfg = Debug|Any CPU
		{4E0030D9-B605-49DB-BFF4-094CDA7FC76E}.Debug|x64.Build.0 = Debug|Any CPU
		{4E0030D9-B605-49DB-BFF4-094CDA7FC76E}.Debug|x86.ActiveCfg = Debug|Any CPU
		{4E0030D9-B605-49DB-BFF4-094CDA7FC76E}.Debug|x86.Build.0 = Debug|Any CPU
		{4E0030D9-B605-49DB-BFF4-094CDA7FC76E}.Release|Any CPU.ActiveCfg = Release|Any CPU
		{4E0030D9-B605-49DB-BFF4-094CDA7FC76E}.Release|Any CPU.Build.0 = Release|Any CPU
		{4E0030D9-B605-49DB-BFF4-094CDA7FC76E}.Release|ARM.ActiveCfg = Release|Any CPU
		{4E0030D9-B605-49DB-BFF4-094CDA7FC76E}.Release|ARM.Build.0 = Release|Any CPU
		{4E0030D9-B605-49DB-BFF4-094CDA7FC76E}.Release|iPhone.ActiveCfg = Release|Any CPU
		{4E0030D9-B605-49DB-BFF4-094CDA7FC76E}.Release|iPhone.Build.0 = Release|Any CPU
		{4E0030D9-B605-49DB-BFF4-094CDA7FC76E}.Release|iPhoneSimulator.ActiveCfg = Release|Any CPU
		{4E0030D9-B605-49DB-BFF4-094CDA7FC76E}.Release|iPhoneSimulator.Build.0 = Release|Any CPU
		{4E0030D9-B605-49DB-BFF4-094CDA7FC76E}.Release|x64.ActiveCfg = Release|Any CPU
		{4E0030D9-B605-49DB-BFF4-094CDA7FC76E}.Release|x64.Build.0 = Release|Any CPU
		{4E0030D9-B605-49DB-BFF4-094CDA7FC76E}.Release|x86.ActiveCfg = Release|Any CPU
		{4E0030D9-B605-49DB-BFF4-094CDA7FC76E}.Release|x86.Build.0 = Release|Any CPU
		{42BB38A9-25FD-4D15-B7ED-11A31CE5DA01}.Ad-Hoc|Any CPU.ActiveCfg = Release|x86
		{42BB38A9-25FD-4D15-B7ED-11A31CE5DA01}.Ad-Hoc|Any CPU.Build.0 = Release|x86
		{42BB38A9-25FD-4D15-B7ED-11A31CE5DA01}.Ad-Hoc|Any CPU.Deploy.0 = Release|x86
		{42BB38A9-25FD-4D15-B7ED-11A31CE5DA01}.Ad-Hoc|ARM.ActiveCfg = Release|ARM
		{42BB38A9-25FD-4D15-B7ED-11A31CE5DA01}.Ad-Hoc|ARM.Build.0 = Release|ARM
		{42BB38A9-25FD-4D15-B7ED-11A31CE5DA01}.Ad-Hoc|ARM.Deploy.0 = Release|ARM
		{42BB38A9-25FD-4D15-B7ED-11A31CE5DA01}.Ad-Hoc|iPhone.ActiveCfg = Release|x86
		{42BB38A9-25FD-4D15-B7ED-11A31CE5DA01}.Ad-Hoc|iPhone.Build.0 = Release|x86
		{42BB38A9-25FD-4D15-B7ED-11A31CE5DA01}.Ad-Hoc|iPhone.Deploy.0 = Release|x86
		{42BB38A9-25FD-4D15-B7ED-11A31CE5DA01}.Ad-Hoc|iPhoneSimulator.ActiveCfg = Release|x86
		{42BB38A9-25FD-4D15-B7ED-11A31CE5DA01}.Ad-Hoc|iPhoneSimulator.Build.0 = Release|x86
		{42BB38A9-25FD-4D15-B7ED-11A31CE5DA01}.Ad-Hoc|iPhoneSimulator.Deploy.0 = Release|x86
		{42BB38A9-25FD-4D15-B7ED-11A31CE5DA01}.Ad-Hoc|x64.ActiveCfg = Release|x64
		{42BB38A9-25FD-4D15-B7ED-11A31CE5DA01}.Ad-Hoc|x64.Build.0 = Release|x64
		{42BB38A9-25FD-4D15-B7ED-11A31CE5DA01}.Ad-Hoc|x64.Deploy.0 = Release|x64
		{42BB38A9-25FD-4D15-B7ED-11A31CE5DA01}.Ad-Hoc|x86.ActiveCfg = Release|x86
		{42BB38A9-25FD-4D15-B7ED-11A31CE5DA01}.Ad-Hoc|x86.Build.0 = Release|x86
		{42BB38A9-25FD-4D15-B7ED-11A31CE5DA01}.Ad-Hoc|x86.Deploy.0 = Release|x86
		{42BB38A9-25FD-4D15-B7ED-11A31CE5DA01}.AppStore|Any CPU.ActiveCfg = Release|x86
		{42BB38A9-25FD-4D15-B7ED-11A31CE5DA01}.AppStore|Any CPU.Build.0 = Release|x86
		{42BB38A9-25FD-4D15-B7ED-11A31CE5DA01}.AppStore|Any CPU.Deploy.0 = Release|x86
		{42BB38A9-25FD-4D15-B7ED-11A31CE5DA01}.AppStore|ARM.ActiveCfg = Release|ARM
		{42BB38A9-25FD-4D15-B7ED-11A31CE5DA01}.AppStore|ARM.Build.0 = Release|ARM
		{42BB38A9-25FD-4D15-B7ED-11A31CE5DA01}.AppStore|ARM.Deploy.0 = Release|ARM
		{42BB38A9-25FD-4D15-B7ED-11A31CE5DA01}.AppStore|iPhone.ActiveCfg = Release|x86
		{42BB38A9-25FD-4D15-B7ED-11A31CE5DA01}.AppStore|iPhone.Build.0 = Release|x86
		{42BB38A9-25FD-4D15-B7ED-11A31CE5DA01}.AppStore|iPhone.Deploy.0 = Release|x86
		{42BB38A9-25FD-4D15-B7ED-11A31CE5DA01}.AppStore|iPhoneSimulator.ActiveCfg = Release|x86
		{42BB38A9-25FD-4D15-B7ED-11A31CE5DA01}.AppStore|iPhoneSimulator.Build.0 = Release|x86
		{42BB38A9-25FD-4D15-B7ED-11A31CE5DA01}.AppStore|iPhoneSimulator.Deploy.0 = Release|x86
		{42BB38A9-25FD-4D15-B7ED-11A31CE5DA01}.AppStore|x64.ActiveCfg = Release|x64
		{42BB38A9-25FD-4D15-B7ED-11A31CE5DA01}.AppStore|x64.Build.0 = Release|x64
		{42BB38A9-25FD-4D15-B7ED-11A31CE5DA01}.AppStore|x64.Deploy.0 = Release|x64
		{42BB38A9-25FD-4D15-B7ED-11A31CE5DA01}.AppStore|x86.ActiveCfg = Release|x86
		{42BB38A9-25FD-4D15-B7ED-11A31CE5DA01}.AppStore|x86.Build.0 = Release|x86
		{42BB38A9-25FD-4D15-B7ED-11A31CE5DA01}.AppStore|x86.Deploy.0 = Release|x86
		{42BB38A9-25FD-4D15-B7ED-11A31CE5DA01}.Debug|Any CPU.ActiveCfg = Debug|x86
		{42BB38A9-25FD-4D15-B7ED-11A31CE5DA01}.Debug|ARM.ActiveCfg = Debug|ARM
		{42BB38A9-25FD-4D15-B7ED-11A31CE5DA01}.Debug|ARM.Build.0 = Debug|ARM
		{42BB38A9-25FD-4D15-B7ED-11A31CE5DA01}.Debug|ARM.Deploy.0 = Debug|ARM
		{42BB38A9-25FD-4D15-B7ED-11A31CE5DA01}.Debug|iPhone.ActiveCfg = Debug|x86
		{42BB38A9-25FD-4D15-B7ED-11A31CE5DA01}.Debug|iPhoneSimulator.ActiveCfg = Debug|x86
		{42BB38A9-25FD-4D15-B7ED-11A31CE5DA01}.Debug|x64.ActiveCfg = Debug|x64
		{42BB38A9-25FD-4D15-B7ED-11A31CE5DA01}.Debug|x64.Build.0 = Debug|x64
		{42BB38A9-25FD-4D15-B7ED-11A31CE5DA01}.Debug|x64.Deploy.0 = Debug|x64
		{42BB38A9-25FD-4D15-B7ED-11A31CE5DA01}.Debug|x86.ActiveCfg = Debug|x86
		{42BB38A9-25FD-4D15-B7ED-11A31CE5DA01}.Debug|x86.Build.0 = Debug|x86
		{42BB38A9-25FD-4D15-B7ED-11A31CE5DA01}.Debug|x86.Deploy.0 = Debug|x86
		{42BB38A9-25FD-4D15-B7ED-11A31CE5DA01}.Release|Any CPU.ActiveCfg = Release|x86
		{42BB38A9-25FD-4D15-B7ED-11A31CE5DA01}.Release|ARM.ActiveCfg = Release|ARM
		{42BB38A9-25FD-4D15-B7ED-11A31CE5DA01}.Release|ARM.Build.0 = Release|ARM
		{42BB38A9-25FD-4D15-B7ED-11A31CE5DA01}.Release|ARM.Deploy.0 = Release|ARM
		{42BB38A9-25FD-4D15-B7ED-11A31CE5DA01}.Release|iPhone.ActiveCfg = Release|x86
		{42BB38A9-25FD-4D15-B7ED-11A31CE5DA01}.Release|iPhoneSimulator.ActiveCfg = Release|x86
		{42BB38A9-25FD-4D15-B7ED-11A31CE5DA01}.Release|x64.ActiveCfg = Release|x64
		{42BB38A9-25FD-4D15-B7ED-11A31CE5DA01}.Release|x64.Build.0 = Release|x64
		{42BB38A9-25FD-4D15-B7ED-11A31CE5DA01}.Release|x64.Deploy.0 = Release|x64
		{42BB38A9-25FD-4D15-B7ED-11A31CE5DA01}.Release|x86.ActiveCfg = Release|x86
		{42BB38A9-25FD-4D15-B7ED-11A31CE5DA01}.Release|x86.Build.0 = Release|x86
		{42BB38A9-25FD-4D15-B7ED-11A31CE5DA01}.Release|x86.Deploy.0 = Release|x86
		{A8FE68C1-8977-4265-8D34-36986CB352FA}.Ad-Hoc|Any CPU.ActiveCfg = Ad-Hoc|iPhone
		{A8FE68C1-8977-4265-8D34-36986CB352FA}.Ad-Hoc|ARM.ActiveCfg = Ad-Hoc|iPhone
		{A8FE68C1-8977-4265-8D34-36986CB352FA}.Ad-Hoc|iPhone.ActiveCfg = Ad-Hoc|iPhone
		{A8FE68C1-8977-4265-8D34-36986CB352FA}.Ad-Hoc|iPhone.Build.0 = Ad-Hoc|iPhone
		{A8FE68C1-8977-4265-8D34-36986CB352FA}.Ad-Hoc|iPhoneSimulator.ActiveCfg = Ad-Hoc|iPhoneSimulator
		{A8FE68C1-8977-4265-8D34-36986CB352FA}.Ad-Hoc|iPhoneSimulator.Build.0 = Ad-Hoc|iPhoneSimulator
		{A8FE68C1-8977-4265-8D34-36986CB352FA}.Ad-Hoc|x64.ActiveCfg = Ad-Hoc|iPhone
		{A8FE68C1-8977-4265-8D34-36986CB352FA}.Ad-Hoc|x86.ActiveCfg = Ad-Hoc|iPhone
		{A8FE68C1-8977-4265-8D34-36986CB352FA}.AppStore|Any CPU.ActiveCfg = AppStore|iPhone
		{A8FE68C1-8977-4265-8D34-36986CB352FA}.AppStore|ARM.ActiveCfg = AppStore|iPhone
		{A8FE68C1-8977-4265-8D34-36986CB352FA}.AppStore|iPhone.ActiveCfg = AppStore|iPhone
		{A8FE68C1-8977-4265-8D34-36986CB352FA}.AppStore|iPhone.Build.0 = AppStore|iPhone
		{A8FE68C1-8977-4265-8D34-36986CB352FA}.AppStore|iPhoneSimulator.ActiveCfg = AppStore|iPhoneSimulator
		{A8FE68C1-8977-4265-8D34-36986CB352FA}.AppStore|iPhoneSimulator.Build.0 = AppStore|iPhoneSimulator
		{A8FE68C1-8977-4265-8D34-36986CB352FA}.AppStore|x64.ActiveCfg = AppStore|iPhone
		{A8FE68C1-8977-4265-8D34-36986CB352FA}.AppStore|x86.ActiveCfg = AppStore|iPhone
		{A8FE68C1-8977-4265-8D34-36986CB352FA}.Debug|Any CPU.ActiveCfg = Debug|iPhone
		{A8FE68C1-8977-4265-8D34-36986CB352FA}.Debug|ARM.ActiveCfg = Debug|iPhone
		{A8FE68C1-8977-4265-8D34-36986CB352FA}.Debug|iPhone.ActiveCfg = Debug|iPhone
		{A8FE68C1-8977-4265-8D34-36986CB352FA}.Debug|iPhone.Build.0 = Debug|iPhone
		{A8FE68C1-8977-4265-8D34-36986CB352FA}.Debug|iPhoneSimulator.ActiveCfg = Debug|iPhoneSimulator
		{A8FE68C1-8977-4265-8D34-36986CB352FA}.Debug|iPhoneSimulator.Build.0 = Debug|iPhoneSimulator
		{A8FE68C1-8977-4265-8D34-36986CB352FA}.Debug|x64.ActiveCfg = Debug|iPhone
		{A8FE68C1-8977-4265-8D34-36986CB352FA}.Debug|x86.ActiveCfg = Debug|iPhone
		{A8FE68C1-8977-4265-8D34-36986CB352FA}.Release|Any CPU.ActiveCfg = Release|iPhone
		{A8FE68C1-8977-4265-8D34-36986CB352FA}.Release|ARM.ActiveCfg = Release|iPhone
		{A8FE68C1-8977-4265-8D34-36986CB352FA}.Release|iPhone.ActiveCfg = Release|iPhone
		{A8FE68C1-8977-4265-8D34-36986CB352FA}.Release|iPhone.Build.0 = Release|iPhone
		{A8FE68C1-8977-4265-8D34-36986CB352FA}.Release|iPhoneSimulator.ActiveCfg = Release|iPhoneSimulator
		{A8FE68C1-8977-4265-8D34-36986CB352FA}.Release|iPhoneSimulator.Build.0 = Release|iPhoneSimulator
		{A8FE68C1-8977-4265-8D34-36986CB352FA}.Release|x64.ActiveCfg = Release|iPhone
		{A8FE68C1-8977-4265-8D34-36986CB352FA}.Release|x86.ActiveCfg = Release|iPhone
	EndGlobalSection
	GlobalSection(SolutionProperties) = preSolution
		HideSolutionNode = FALSE
	EndGlobalSection
	GlobalSection(ExtensibilityGlobals) = postSolution
		SolutionGuid = {41A19C06-228A-4489-9621-210929CDDE4E}
	EndGlobalSection
EndGlobal
